
Microsoft Visual Studio Solution File, Format Version 12.00
# Visual Studio 15
Project("{FAE04EC0-301F-11D3-BF4B-00C04F79EFBC}") = "Assembly-CSharp", "Assembly-CSharp.csproj", "{23366216-673E-BF43-E1A6-2E30B8C8A171}"
EndProject
Project("{FAE04EC0-301F-11D3-BF4B-00C04F79EFBC}") = "GoogleMobileAds.Editor", "GoogleMobileAds.Editor.csproj", "{C34630C4-6FFF-634A-7527-F5D88C011F07}"
EndProject
Project("{FAE04EC0-301F-11D3-BF4B-00C04F79EFBC}") = "Assembly-CSharp-Editor", "Assembly-CSharp-Editor.csproj", "{8D12A750-C345-109B-7436-F6CA2C655BC1}"
EndProject
Global
	GlobalSection(SolutionConfigurationPlatforms) = preSolution
		Debug|Any CPU = Debug|Any CPU
		Release|Any CPU = Release|Any CPU
	EndGlobalSection
	GlobalSection(ProjectConfigurationPlatforms) = postSolution
		{23366216-673E-BF43-E1A6-2E30B8C8A171}.Debug|Any CPU.ActiveCfg = Debug|Any CPU
		{23366216-673E-BF43-E1A6-2E30B8C8A171}.Debug|Any CPU.Build.0 = Debug|Any CPU
		{23366216-673E-BF43-E1A6-2E30B8C8A171}.Release|Any CPU.ActiveCfg = Release|Any CPU
		{23366216-673E-BF43-E1A6-2E30B8C8A171}.Release|Any CPU.Build.0 = Release|Any CPU
		{C34630C4-6FFF-634A-7527-F5D88C011F07}.Debug|Any CPU.ActiveCfg = Debug|Any CPU
		{C34630C4-6FFF-634A-7527-F5D88C011F07}.Debug|Any CPU.Build.0 = Debug|Any CPU
		{C34630C4-6FFF-634A-7527-F5D88C011F07}.Release|Any CPU.ActiveCfg = Release|Any CPU
		{C34630C4-6FFF-634A-7527-F5D88C011F07}.Release|Any CPU.Build.0 = Release|Any CPU
		{8D12A750-C345-109B-7436-F6CA2C655BC1}.Debug|Any CPU.ActiveCfg = Debug|Any CPU
		{8D12A750-C345-109B-7436-F6CA2C655BC1}.Debug|Any CPU.Build.0 = Debug|Any CPU
		{8D12A750-C345-109B-7436-F6CA2C655BC1}.Release|Any CPU.ActiveCfg = Release|Any CPU
		{8D12A750-C345-109B-7436-F6CA2C655BC1}.Release|Any CPU.Build.0 = Release|Any CPU
	EndGlobalSection
	GlobalSection(SolutionProperties) = preSolution
		HideSolutionNode = FALSE
	EndGlobalSection
EndGlobal
